<<<<<<< HEAD
{
  "name": "cloud-developer",
  "lockfileVersion": 2,
  "requires": true,
  "packages": {}
}
||||||| merged common ancestors
=======
{
  "requires": true,
  "lockfileVersion": 1,
  "dependencies": {
    "dotenv": {
      "version": "16.0.1",
      "resolved": "https://registry.npmjs.org/dotenv/-/dotenv-16.0.1.tgz",
      "integrity": "sha512-1K6hR6wtk2FviQ4kEiSjFiH5rpzEVi8WW0x96aztHVMhEspNpc4DVOUTEHtEva5VThQ8IaBX1Pe4gSzpVVUsKQ=="
    }
  }
}
>>>>>>> 812549cc5b5ee73121048e2067aa17cc00c51a14
